# THIS IS AN AUTOGENERATED FILE. DO NOT EDIT THIS FILE DIRECTLY.
# yarn lockfile v1


ws@^7.4.2:
  version "7.4.2"
  resolved "https://registry.yarnpkg.com/ws/-/ws-7.4.2.tgz#782100048e54eb36fe9843363ab1c68672b261dd"
  integrity sha512-T4tewALS3+qsrpGI/8dqNMLIVdq/g/85U98HPMa6F0m6xTbvhXU6RCQLqPH3+SlomNV/LdY6RXEbBpMH6EOJnA==
